
Microsoft Visual Studio Solution File, Format Version 12.00
# Visual Studio Version 17
VisualStudioVersion = 17.11.35312.102
MinimumVisualStudioVersion = 10.0.40219.1
Project("{FAE04EC0-301F-11D3-BF4B-00C04F79EFBC}") = "Sunday_WebApp", "Sunday_WebApp\Sunday_WebApp.csproj", "{BC4D9E37-68E8-448F-BE48-E11C53D83A3E}"
EndProject
Global
	GlobalSection(SolutionConfigurationPlatforms) = preSolution
		Debug|Any CPU = Debug|Any CPU
		Release|Any CPU = Release|Any CPU
	EndGlobalSection
	GlobalSection(ProjectConfigurationPlatforms) = postSolution
		{BC4D9E37-68E8-448F-BE48-E11C53D83A3E}.Debug|Any CPU.ActiveCfg = Debug|Any CPU
		{BC4D9E37-68E8-448F-BE48-E11C53D83A3E}.Debug|Any CPU.Build.0 = Debug|Any CPU
		{BC4D9E37-68E8-448F-BE48-E11C53D83A3E}.Release|Any CPU.ActiveCfg = Release|Any CPU
		{BC4D9E37-68E8-448F-BE48-E11C53D83A3E}.Release|Any CPU.Build.0 = Release|Any CPU
	EndGlobalSection
	GlobalSection(SolutionProperties) = preSolution
		HideSolutionNode = FALSE
	EndGlobalSection
	GlobalSection(ExtensibilityGlobals) = postSolution
		SolutionGuid = {CF6EE5D7-03FC-43BC-A387-4E37F26F5DD6}
	EndGlobalSection
EndGlobal
