
Microsoft Visual Studio Solution File, Format Version 12.00
# Visual Studio Version 17
VisualStudioVersion = 17.11.35312.102
MinimumVisualStudioVersion = 10.0.40219.1
Project("{FAE04EC0-301F-11D3-BF4B-00C04F79EFBC}") = "DI-Example-1", "DI-Example-1\DI-Example-1.csproj", "{FACD8973-E031-49F8-8CA2-49C690F67085}"
EndProject
Project("{FAE04EC0-301F-11D3-BF4B-00C04F79EFBC}") = "Services", "Services\Services.csproj", "{05FE1BAA-1C47-4EC7-A9F5-35331E05C2DA}"
EndProject
Global
	GlobalSection(SolutionConfigurationPlatforms) = preSolution
		Debug|Any CPU = Debug|Any CPU
		Release|Any CPU = Release|Any CPU
	EndGlobalSection
	GlobalSection(ProjectConfigurationPlatforms) = postSolution
		{FACD8973-E031-49F8-8CA2-49C690F67085}.Debug|Any CPU.ActiveCfg = Debug|Any CPU
		{FACD8973-E031-49F8-8CA2-49C690F67085}.Debug|Any CPU.Build.0 = Debug|Any CPU
		{FACD8973-E031-49F8-8CA2-49C690F67085}.Release|Any CPU.ActiveCfg = Release|Any CPU
		{FACD8973-E031-49F8-8CA2-49C690F67085}.Release|Any CPU.Build.0 = Release|Any CPU
		{05FE1BAA-1C47-4EC7-A9F5-35331E05C2DA}.Debug|Any CPU.ActiveCfg = Debug|Any CPU
		{05FE1BAA-1C47-4EC7-A9F5-35331E05C2DA}.Debug|Any CPU.Build.0 = Debug|Any CPU
		{05FE1BAA-1C47-4EC7-A9F5-35331E05C2DA}.Release|Any CPU.ActiveCfg = Release|Any CPU
		{05FE1BAA-1C47-4EC7-A9F5-35331E05C2DA}.Release|Any CPU.Build.0 = Release|Any CPU
	EndGlobalSection
	GlobalSection(SolutionProperties) = preSolution
		HideSolutionNode = FALSE
	EndGlobalSection
	GlobalSection(ExtensibilityGlobals) = postSolution
		SolutionGuid = {C209DB8C-0EA8-4D4C-BA63-E6E2B03B5AED}
	EndGlobalSection
EndGlobal
