
Microsoft Visual Studio Solution File, Format Version 12.00
# Visual Studio Version 17
VisualStudioVersion = 17.11.35312.102
MinimumVisualStudioVersion = 10.0.40219.1
Project("{FAE04EC0-301F-11D3-BF4B-00C04F79EFBC}") = "Routing-1", "Routing-1\Routing-1.csproj", "{227B8E00-81CD-436B-AB39-E567851B7350}"
EndProject
Project("{2150E333-8FDC-42A3-9474-1A3956D46DE8}") = "Solution Items", "Solution Items", "{CD7E51C9-0736-43B4-8E8E-4DCE592AD1D5}"
	ProjectSection(SolutionItems) = preProject
		.editorconfig = .editorconfig
	EndProjectSection
EndProject
Global
	GlobalSection(SolutionConfigurationPlatforms) = preSolution
		Debug|Any CPU = Debug|Any CPU
		Release|Any CPU = Release|Any CPU
	EndGlobalSection
	GlobalSection(ProjectConfigurationPlatforms) = postSolution
		{227B8E00-81CD-436B-AB39-E567851B7350}.Debug|Any CPU.ActiveCfg = Debug|Any CPU
		{227B8E00-81CD-436B-AB39-E567851B7350}.Debug|Any CPU.Build.0 = Debug|Any CPU
		{227B8E00-81CD-436B-AB39-E567851B7350}.Release|Any CPU.ActiveCfg = Release|Any CPU
		{227B8E00-81CD-436B-AB39-E567851B7350}.Release|Any CPU.Build.0 = Release|Any CPU
	EndGlobalSection
	GlobalSection(SolutionProperties) = preSolution
		HideSolutionNode = FALSE
	EndGlobalSection
	GlobalSection(ExtensibilityGlobals) = postSolution
		SolutionGuid = {4A0E87FE-8062-4BDD-B2E2-120978D32680}
	EndGlobalSection
EndGlobal
